
Microsoft Visual Studio Solution File, Format Version 12.00
# Visual Studio Version 16
VisualStudioVersion = 16.0.31702.278
MinimumVisualStudioVersion = 10.0.40219.1
Project("{9A19103F-16F7-4668-BE54-9A1E7A4F7556}") = "EquazioniSecondoGrado", "EquazioniSecondoGrado\EquazioniSecondoGrado.csproj", "{E730F708-B0B0-44AB-BC43-55C10953FC66}"
EndProject
Project("{9A19103F-16F7-4668-BE54-9A1E7A4F7556}") = "EquazioniSecondoGrado.Core", "EquazioniSecondoGrado.Core\EquazioniSecondoGrado.Core.csproj", "{C3771B10-172A-4ECE-804A-CA104FF41363}"
EndProject
Project("{9A19103F-16F7-4668-BE54-9A1E7A4F7556}") = "EquazioniSecondoGrado.Test", "EquazioniSecondoGrado.Test\EquazioniSecondoGrado.Test.csproj", "{301A2265-61FC-45D0-A579-5E73C529BACD}"
EndProject
Project("{9A19103F-16F7-4668-BE54-9A1E7A4F7556}") = "EquazioniSecondoGrado.WinForm", "EquazioniSecondoGrado.WinForm\EquazioniSecondoGrado.WinForm.csproj", "{E5D02DF5-7FDA-43C2-B454-D4FA2AB03C71}"
EndProject
Project("{FAE04EC0-301F-11D3-BF4B-00C04F79EFBC}") = "EquazioniSecondoGrado.WPF", "EquazioniSecondoGrado.WPF\EquazioniSecondoGrado.WPF.csproj", "{254A8589-D8DD-4A0D-B3FC-B0284CF46F61}"
EndProject
Global
	GlobalSection(SolutionConfigurationPlatforms) = preSolution
		Debug|Any CPU = Debug|Any CPU
		Release|Any CPU = Release|Any CPU
	EndGlobalSection
	GlobalSection(ProjectConfigurationPlatforms) = postSolution
		{E730F708-B0B0-44AB-BC43-55C10953FC66}.Debug|Any CPU.ActiveCfg = Debug|Any CPU
		{E730F708-B0B0-44AB-BC43-55C10953FC66}.Debug|Any CPU.Build.0 = Debug|Any CPU
		{E730F708-B0B0-44AB-BC43-55C10953FC66}.Release|Any CPU.ActiveCfg = Release|Any CPU
		{E730F708-B0B0-44AB-BC43-55C10953FC66}.Release|Any CPU.Build.0 = Release|Any CPU
		{C3771B10-172A-4ECE-804A-CA104FF41363}.Debug|Any CPU.ActiveCfg = Debug|Any CPU
		{C3771B10-172A-4ECE-804A-CA104FF41363}.Debug|Any CPU.Build.0 = Debug|Any CPU
		{C3771B10-172A-4ECE-804A-CA104FF41363}.Release|Any CPU.ActiveCfg = Release|Any CPU
		{C3771B10-172A-4ECE-804A-CA104FF41363}.Release|Any CPU.Build.0 = Release|Any CPU
		{301A2265-61FC-45D0-A579-5E73C529BACD}.Debug|Any CPU.ActiveCfg = Debug|Any CPU
		{301A2265-61FC-45D0-A579-5E73C529BACD}.Debug|Any CPU.Build.0 = Debug|Any CPU
		{301A2265-61FC-45D0-A579-5E73C529BACD}.Release|Any CPU.ActiveCfg = Release|Any CPU
		{301A2265-61FC-45D0-A579-5E73C529BACD}.Release|Any CPU.Build.0 = Release|Any CPU
		{E5D02DF5-7FDA-43C2-B454-D4FA2AB03C71}.Debug|Any CPU.ActiveCfg = Debug|Any CPU
		{E5D02DF5-7FDA-43C2-B454-D4FA2AB03C71}.Debug|Any CPU.Build.0 = Debug|Any CPU
		{E5D02DF5-7FDA-43C2-B454-D4FA2AB03C71}.Release|Any CPU.ActiveCfg = Release|Any CPU
		{E5D02DF5-7FDA-43C2-B454-D4FA2AB03C71}.Release|Any CPU.Build.0 = Release|Any CPU
		{254A8589-D8DD-4A0D-B3FC-B0284CF46F61}.Debug|Any CPU.ActiveCfg = Debug|Any CPU
		{254A8589-D8DD-4A0D-B3FC-B0284CF46F61}.Debug|Any CPU.Build.0 = Debug|Any CPU
		{254A8589-D8DD-4A0D-B3FC-B0284CF46F61}.Release|Any CPU.ActiveCfg = Release|Any CPU
		{254A8589-D8DD-4A0D-B3FC-B0284CF46F61}.Release|Any CPU.Build.0 = Release|Any CPU
	EndGlobalSection
	GlobalSection(SolutionProperties) = preSolution
		HideSolutionNode = FALSE
	EndGlobalSection
	GlobalSection(ExtensibilityGlobals) = postSolution
		SolutionGuid = {93A8D7CD-7AE6-4931-B282-44619181F7EC}
	EndGlobalSection
EndGlobal
